Microsoft Visual Studio Solution File, Format Version 12.00
# Visual Studio Version 17
VisualStudioVersion = 17.5.2.0
MinimumVisualStudioVersion = 10.0.40219.1
Project("{FAE04EC0-301F-11D3-BF4B-00C04F79EFBC}") = "SeiaStatusSystem.Core", "SeiaStatusSystem.Core.csproj", "{F98A5E27-18CE-9D76-A948-037125E0A82F}"
EndProject
Global
	GlobalSection(SolutionConfigurationPlatforms) = preSolution
		Debug|Any CPU = Debug|Any CPU
		Release|Any CPU = Release|Any CPU
	EndGlobalSection
	GlobalSection(ProjectConfigurationPlatforms) = postSolution
		{F98A5E27-18CE-9D76-A948-037125E0A82F}.Debug|Any CPU.ActiveCfg = Debug|Any CPU
		{F98A5E27-18CE-9D76-A948-037125E0A82F}.Debug|Any CPU.Build.0 = Debug|Any CPU
		{F98A5E27-18CE-9D76-A948-037125E0A82F}.Release|Any CPU.ActiveCfg = Release|Any CPU
		{F98A5E27-18CE-9D76-A948-037125E0A82F}.Release|Any CPU.Build.0 = Release|Any CPU
	EndGlobalSection
	GlobalSection(SolutionProperties) = preSolution
		HideSolutionNode = FALSE
	EndGlobalSection
	GlobalSection(ExtensibilityGlobals) = postSolution
		SolutionGuid = {87A8EA10-D1CF-4389-9E20-24F660AFCD5D}
	EndGlobalSection
EndGlobal
