Microsoft Visual Studio Solution File, Format Version 12.00
# Visual Studio Version 17
VisualStudioVersion = 17.5.2.0
MinimumVisualStudioVersion = 10.0.40219.1
Project("{FAE04EC0-301F-11D3-BF4B-00C04F79EFBC}") = "SeiaStatusSystem.Core.Tests", "SeiaStatusSystem.Core.Tests.csproj", "{5444FDBF-0FA6-A4CC-89AA-8313FF67D0B1}"
EndProject
Global
	GlobalSection(SolutionConfigurationPlatforms) = preSolution
		Debug|Any CPU = Debug|Any CPU
		Release|Any CPU = Release|Any CPU
	EndGlobalSection
	GlobalSection(ProjectConfigurationPlatforms) = postSolution
		{5444FDBF-0FA6-A4CC-89AA-8313FF67D0B1}.Debug|Any CPU.ActiveCfg = Debug|Any CPU
		{5444FDBF-0FA6-A4CC-89AA-8313FF67D0B1}.Debug|Any CPU.Build.0 = Debug|Any CPU
		{5444FDBF-0FA6-A4CC-89AA-8313FF67D0B1}.Release|Any CPU.ActiveCfg = Release|Any CPU
		{5444FDBF-0FA6-A4CC-89AA-8313FF67D0B1}.Release|Any CPU.Build.0 = Release|Any CPU
	EndGlobalSection
	GlobalSection(SolutionProperties) = preSolution
		HideSolutionNode = FALSE
	EndGlobalSection
	GlobalSection(ExtensibilityGlobals) = postSolution
		SolutionGuid = {0378E0DE-1542-4F85-ABB3-43F0BC51CE0E}
	EndGlobalSection
EndGlobal
