
Microsoft Visual Studio Solution File, Format Version 12.00
# Visual Studio 15
Project("{FAE04EC0-301F-11D3-BF4B-00C04F79EFBC}") = "UnityEngine.TestRunner", "UnityEngine.TestRunner.csproj", "{CFAFE19F-B71A-2AE0-7245-7B032D7EDFB2}"
EndProject
Project("{FAE04EC0-301F-11D3-BF4B-00C04F79EFBC}") = "UnityEditor.TestRunner", "UnityEditor.TestRunner.csproj", "{E212B730-41E4-FBA2-C35A-132A28DD96A0}"
EndProject
Project("{FAE04EC0-301F-11D3-BF4B-00C04F79EFBC}") = "UnityEditor.UI", "UnityEditor.UI.csproj", "{76E1FD2E-0D7B-5350-555B-34EF6085C941}"
EndProject
Project("{FAE04EC0-301F-11D3-BF4B-00C04F79EFBC}") = "UnityEngine.UI", "UnityEngine.UI.csproj", "{2FB0B536-DEA7-16E6-9531-DCF0B9E5A6FE}"
EndProject
Project("{FAE04EC0-301F-11D3-BF4B-00C04F79EFBC}") = "Unity.VisualStudio.Editor", "Unity.VisualStudio.Editor.csproj", "{E850C2F4-C1A9-6FD9-464A-B12CB431C2D8}"
EndProject
Project("{FAE04EC0-301F-11D3-BF4B-00C04F79EFBC}") = "SeiaStatusSystem.Samples", "SeiaStatusSystem.Samples.csproj", "{3411644F-0ACF-A1AE-5DE0-FD9FF5994B51}"
EndProject
Global
	GlobalSection(SolutionConfigurationPlatforms) = preSolution
		Debug|Any CPU = Debug|Any CPU
		Release|Any CPU = Release|Any CPU
	EndGlobalSection
	GlobalSection(ProjectConfigurationPlatforms) = postSolution
		{CFAFE19F-B71A-2AE0-7245-7B032D7EDFB2}.Debug|Any CPU.ActiveCfg = Debug|Any CPU
		{CFAFE19F-B71A-2AE0-7245-7B032D7EDFB2}.Debug|Any CPU.Build.0 = Debug|Any CPU
		{CFAFE19F-B71A-2AE0-7245-7B032D7EDFB2}.Release|Any CPU.ActiveCfg = Release|Any CPU
		{CFAFE19F-B71A-2AE0-7245-7B032D7EDFB2}.Release|Any CPU.Build.0 = Release|Any CPU
		{E212B730-41E4-FBA2-C35A-132A28DD96A0}.Debug|Any CPU.ActiveCfg = Debug|Any CPU
		{E212B730-41E4-FBA2-C35A-132A28DD96A0}.Debug|Any CPU.Build.0 = Debug|Any CPU
		{E212B730-41E4-FBA2-C35A-132A28DD96A0}.Release|Any CPU.ActiveCfg = Release|Any CPU
		{E212B730-41E4-FBA2-C35A-132A28DD96A0}.Release|Any CPU.Build.0 = Release|Any CPU
		{76E1FD2E-0D7B-5350-555B-34EF6085C941}.Debug|Any CPU.ActiveCfg = Debug|Any CPU
		{76E1FD2E-0D7B-5350-555B-34EF6085C941}.Debug|Any CPU.Build.0 = Debug|Any CPU
		{76E1FD2E-0D7B-5350-555B-34EF6085C941}.Release|Any CPU.ActiveCfg = Release|Any CPU
		{76E1FD2E-0D7B-5350-555B-34EF6085C941}.Release|Any CPU.Build.0 = Release|Any CPU
		{2FB0B536-DEA7-16E6-9531-DCF0B9E5A6FE}.Debug|Any CPU.ActiveCfg = Debug|Any CPU
		{2FB0B536-DEA7-16E6-9531-DCF0B9E5A6FE}.Debug|Any CPU.Build.0 = Debug|Any CPU
		{2FB0B536-DEA7-16E6-9531-DCF0B9E5A6FE}.Release|Any CPU.ActiveCfg = Release|Any CPU
		{2FB0B536-DEA7-16E6-9531-DCF0B9E5A6FE}.Release|Any CPU.Build.0 = Release|Any CPU
		{E850C2F4-C1A9-6FD9-464A-B12CB431C2D8}.Debug|Any CPU.ActiveCfg = Debug|Any CPU
		{E850C2F4-C1A9-6FD9-464A-B12CB431C2D8}.Debug|Any CPU.Build.0 = Debug|Any CPU
		{E850C2F4-C1A9-6FD9-464A-B12CB431C2D8}.Release|Any CPU.ActiveCfg = Release|Any CPU
		{E850C2F4-C1A9-6FD9-464A-B12CB431C2D8}.Release|Any CPU.Build.0 = Release|Any CPU
		{3411644F-0ACF-A1AE-5DE0-FD9FF5994B51}.Debug|Any CPU.ActiveCfg = Debug|Any CPU
		{3411644F-0ACF-A1AE-5DE0-FD9FF5994B51}.Debug|Any CPU.Build.0 = Debug|Any CPU
		{3411644F-0ACF-A1AE-5DE0-FD9FF5994B51}.Release|Any CPU.ActiveCfg = Release|Any CPU
		{3411644F-0ACF-A1AE-5DE0-FD9FF5994B51}.Release|Any CPU.Build.0 = Release|Any CPU
	EndGlobalSection
	GlobalSection(SolutionProperties) = preSolution
		HideSolutionNode = FALSE
	EndGlobalSection
EndGlobal
